{
  "name": "lab",
  "version": "1.0.0",
  "lockfileVersion": 3,
  "requires": true,
  "packages": {
    "": {
      "name": "lab",
      "version": "1.0.0",
      "license": "ISC",
      "dependencies": {
        "@vant/area-data": "^1.5.0",
        "miniprogram-api-promise": "^1.0.4",
        "vant-weapp": "^0.5.29"
      }
    },
    "node_modules/@vant/area-data": {
      "version": "1.5.0",
      "resolved": "https://registry.npmjs.org/@vant/area-data/-/area-data-1.5.0.tgz",
      "integrity": "sha512-SWmDhYmWiOgtAgtJqcW7N4XyGgrg/7l6t1+XSgt8BkPp2oOKO1ZUn8+46brLpT/gzRe/v8BtyTLmdBwMamrmQw=="
    },
    "node_modules/miniprogram-api-promise": {
      "version": "1.0.4",
      "resolved": "https://registry.npmjs.org/miniprogram-api-promise/-/miniprogram-api-promise-1.0.4.tgz",
      "integrity": "sha512-lS2ukj03Ugy8IJUDmdssklLT4kjzyRtVYwErhyDZkzxtqcxaed2xldRgNrsikigeMUBR9gAs7wgnjSKPlyKIYg=="
    },
    "node_modules/vant-weapp": {
      "version": "0.5.29",
      "resolved": "https://registry.npmjs.org/vant-weapp/-/vant-weapp-0.5.29.tgz",
      "integrity": "sha512-RMc0Ga914XFwspw2WuOMU8bOHlIkua8X1DoQ/KPnGQzjwT1uEL4S7W186EmaHF1wN2krB9BVd0LdRRt39dGh6Q=="
    }
  }
}
